// !$*UTF8*$!
{
	archiveVersion = 1;
	classes = {
	};
	objectVersion = 77;
	objects = {

/* Begin PBXBuildFile section */
		656FEAEE2D9702F7008F1433 /* JokeView.swift in Sources */ = {isa = PBXBuildFile; fileRef = 656FEAEB2D9702F7008F1433 /* JokeView.swift */; };
		656FEAEF2D9702F7008F1433 /* JokeFinderApp.swift in Sources */ = {isa = PBXBuildFile; fileRef = 656FEAEC2D9702F7008F1433 /* JokeFinderApp.swift */; };
		656FEAF02D9702F7008F1433 /* Preview Assets.xcassets in Resources */ = {isa = PBXBuildFile; fileRef = 656FEAE82D9702F7008F1433 /* Preview Assets.xcassets */; };
		656FEAF12D9702F7008F1433 /* Assets.xcassets in Resources */ = {isa = PBXBuildFile; fileRef = 656FEAEA2D9702F7008F1433 /* Assets.xcassets */; };
		656FEAF62D97042D008F1433 /* Joke.swift in Sources */ = {isa = PBXBuildFile; fileRef = 656FEAF52D97042C008F1433 /* Joke.swift */; };
		656FEAF82D97046D008F1433 /* JokeViewModel.swift in Sources */ = {isa = PBXBuildFile; fileRef = 656FEAF72D970466008F1433 /* JokeViewModel.swift */; };
		657318A62D9CB26900B3C8AB /* SharedFunctionsAndConstants.swift in Sources */ = {isa = PBXBuildFile; fileRef = 657318A52D9CB26600B3C8AB /* SharedFunctionsAndConstants.swift */; };
		65D16FA02D9B13E600CF1737 /* FavouriteJokersView.swift in Sources */ = {isa = PBXBuildFile; fileRef = 65D16F9F2D9B13C900CF1737 /* FavouriteJokersView.swift */; };
		65D16FA22D9B140000CF1737 /* LandingView.swift in Sources */ = {isa = PBXBuildFile; fileRef = 65D16FA12D9B13FA00CF1737 /* LandingView.swift */; };
/* End PBXBuildFile section */

/* Begin PBXFileReference section */
		656FEAD72D9702E4008F1433 /* JokeFinder.app */ = {isa = PBXFileReference; explicitFileType = wrapper.application; includeInIndex = 0; path = JokeFinder.app; sourceTree = BUILT_PRODUCTS_DIR; };
		656FEAE82D9702F7008F1433 /* Preview Assets.xcassets */ = {isa = PBXFileReference; lastKnownFileType = folder.assetcatalog; path = "Preview Assets.xcassets"; sourceTree = "<group>"; };
		656FEAEA2D9702F7008F1433 /* Assets.xcassets */ = {isa = PBXFileReference; lastKnownFileType = folder.assetcatalog; path = Assets.xcassets; sourceTree = "<group>"; };
		656FEAEB2D9702F7008F1433 /* JokeView.swift */ = {isa = PBXFileReference; lastKnownFileType = sourcecode.swift; path = JokeView.swift; sourceTree = "<group>"; };
		656FEAEC2D9702F7008F1433 /* JokeFinderApp.swift */ = {isa = PBXFileReference; lastKnownFileType = sourcecode.swift; path = JokeFinderApp.swift; sourceTree = "<group>"; };
		656FEAF52D97042C008F1433 /* Joke.swift */ = {isa = PBXFileReference; lastKnownFileType = sourcecode.swift; path = Joke.swift; sourceTree = "<group>"; };
		656FEAF72D970466008F1433 /* JokeViewModel.swift */ = {isa = PBXFileReference; lastKnownFileType = sourcecode.swift; path = JokeViewModel.swift; sourceTree = "<group>"; };
		657318A52D9CB26600B3C8AB /* SharedFunctionsAndConstants.swift */ = {isa = PBXFileReference; lastKnownFileType = sourcecode.swift; path = SharedFunctionsAndConstants.swift; sourceTree = "<group>"; };
		65D16F9F2D9B13C900CF1737 /* FavouriteJokersView.swift */ = {isa = PBXFileReference; lastKnownFileType = sourcecode.swift; path = FavouriteJokersView.swift; sourceTree = "<group>"; };
		65D16FA12D9B13FA00CF1737 /* LandingView.swift */ = {isa = PBXFileReference; lastKnownFileType = sourcecode.swift; path = LandingView.swift; sourceTree = "<group>"; };
/* End PBXFileReference section */

/* Begin PBXFrameworksBuildPhase section */
		656FEAD42D9702E4008F1433 /* Frameworks */ = {
			isa = PBXFrameworksBuildPhase;
			buildActionMask = 2147483647;
			files = (
			);
			runOnlyForDeploymentPostprocessing = 0;
		};
/* End PBXFrameworksBuildPhase section */

/* Begin PBXGroup section */
		656FEACE2D9702E4008F1433 = {
			isa = PBXGroup;
			children = (
				656FEAED2D9702F7008F1433 /* JokeFinder */,
				656FEAD82D9702E4008F1433 /* Products */,
			);
			sourceTree = "<group>";
		};
		656FEAD82D9702E4008F1433 /* Products */ = {
			isa = PBXGroup;
			children = (
				656FEAD72D9702E4008F1433 /* JokeFinder.app */,
			);
			name = Products;
			sourceTree = "<group>";
		};
		656FEAE92D9702F7008F1433 /* Preview Content */ = {
			isa = PBXGroup;
			children = (
				656FEAE82D9702F7008F1433 /* Preview Assets.xcassets */,
			);
			path = "Preview Content";
			sourceTree = "<group>";
		};
		656FEAED2D9702F7008F1433 /* JokeFinder */ = {
			isa = PBXGroup;
			children = (
				656FEAEC2D9702F7008F1433 /* JokeFinderApp.swift */,
				657318A42D9CB24100B3C8AB /* Shared */,
				656FEAF22D970325008F1433 /* Model */,
				656FEAF32D970330008F1433 /* ViewModels */,
				656FEAF42D97034E008F1433 /* Views */,
				656FEAE92D9702F7008F1433 /* Preview Content */,
				656FEAEA2D9702F7008F1433 /* Assets.xcassets */,
			);
			path = JokeFinder;
			sourceTree = "<group>";
		};
		656FEAF22D970325008F1433 /* Model */ = {
			isa = PBXGroup;
			children = (
				656FEAF52D97042C008F1433 /* Joke.swift */,
			);
			path = Model;
			sourceTree = "<group>";
		};
		656FEAF32D970330008F1433 /* ViewModels */ = {
			isa = PBXGroup;
			children = (
				656FEAF72D970466008F1433 /* JokeViewModel.swift */,
			);
			path = ViewModels;
			sourceTree = "<group>";
		};
		656FEAF42D97034E008F1433 /* Views */ = {
			isa = PBXGroup;
			children = (
				65D16FA12D9B13FA00CF1737 /* LandingView.swift */,
				65D16F9F2D9B13C900CF1737 /* FavouriteJokersView.swift */,
				656FEAEB2D9702F7008F1433 /* JokeView.swift */,
			);
			path = Views;
			sourceTree = "<group>";
		};
		657318A42D9CB24100B3C8AB /* Shared */ = {
			isa = PBXGroup;
			children = (
				657318A52D9CB26600B3C8AB /* SharedFunctionsAndConstants.swift */,
			);
			path = Shared;
			sourceTree = "<group>";
		};
/* End PBXGroup section */

/* Begin PBXNativeTarget section */
		656FEAD62D9702E4008F1433 /* JokeFinder */ = {
			isa = PBXNativeTarget;
			buildConfigurationList = 656FEAE52D9702E6008F1433 /* Build configuration list for PBXNativeTarget "JokeFinder" */;
			buildPhases = (
				656FEAD32D9702E4008F1433 /* Sources */,
				656FEAD42D9702E4008F1433 /* Frameworks */,
				656FEAD52D9702E4008F1433 /* Resources */,
			);
			buildRules = (
			);
			dependencies = (
			);
			name = JokeFinder;
			packageProductDependencies = (
			);
			productName = JokeFinder;
			productReference = 656FEAD72D9702E4008F1433 /* JokeFinder.app */;
			productType = "com.apple.product-type.application";
		};
/* End PBXNativeTarget section */

/* Begin PBXProject section */
		656FEACF2D9702E4008F1433 /* Project object */ = {
			isa = PBXProject;
			attributes = {
				BuildIndependentTargetsInParallel = 1;
				LastSwiftUpdateCheck = 1600;
				LastUpgradeCheck = 1600;
				TargetAttributes = {
					656FEAD62D9702E4008F1433 = {
						CreatedOnToolsVersion = 16.0;
					};
				};
			};
			buildConfigurationList = 656FEAD22D9702E4008F1433 /* Build configuration list for PBXProject "JokeFinder" */;
			developmentRegion = en;
			hasScannedForEncodings = 0;
			knownRegions = (
				en,
				Base,
			);
			mainGroup = 656FEACE2D9702E4008F1433;
			minimizedProjectReferenceProxies = 1;
			preferredProjectObjectVersion = 77;
			productRefGroup = 656FEAD82D9702E4008F1433 /* Products */;
			projectDirPath = "";
			projectRoot = "";
			targets = (
				656FEAD62D9702E4008F1433 /* JokeFinder */,
			);
		};
/* End PBXProject section */

/* Begin PBXResourcesBuildPhase section */
		656FEAD52D9702E4008F1433 /* Resources */ = {
			isa = PBXResourcesBuildPhase;
			buildActionMask = 2147483647;
			files = (
				656FEAF02D9702F7008F1433 /* Preview Assets.xcassets in Resources */,
				656FEAF12D9702F7008F1433 /* Assets.xcassets in Resources */,
			);
			runOnlyForDeploymentPostprocessing = 0;
		};
/* End PBXResourcesBuildPhase section */

/* Begin PBXSourcesBuildPhase section */
		656FEAD32D9702E4008F1433 /* Sources */ = {
			isa = PBXSourcesBuildPhase;
			buildActionMask = 2147483647;
			files = (
				65D16FA22D9B140000CF1737 /* LandingView.swift in Sources */,
				656FEAEE2D9702F7008F1433 /* JokeView.swift in Sources */,
				656FEAEF2D9702F7008F1433 /* JokeFinderApp.swift in Sources */,
				657318A62D9CB26900B3C8AB /* SharedFunctionsAndConstants.swift in Sources */,
				65D16FA02D9B13E600CF1737 /* FavouriteJokersView.swift in Sources */,
				656FEAF62D97042D008F1433 /* Joke.swift in Sources */,
				656FEAF82D97046D008F1433 /* JokeViewModel.swift in Sources */,
			);
			runOnlyForDeploymentPostprocessing = 0;
		};
/* End PBXSourcesBuildPhase section */

/* Begin XCBuildConfiguration section */
		656FEAE32D9702E6008F1433 /* Debug */ = {
			isa = XCBuildConfiguration;
			buildSettings = {
				ALWAYS_SEARCH_USER_PATHS = NO;
				ASSETCATALOG_COMPILER_GENERATE_SWIFT_ASSET_SYMBOL_EXTENSIONS = YES;
				CLANG_ANALYZER_NONNULL = YES;
				CLANG_ANALYZER_NUMBER_OBJECT_CONVERSION = YES_AGGRESSIVE;
				CLANG_CXX_LANGUAGE_STANDARD = "gnu++20";
				CLANG_ENABLE_MODULES = YES;
				CLANG_ENABLE_OBJC_ARC = YES;
				CLANG_ENABLE_OBJC_WEAK = YES;
				CLANG_WARN_BLOCK_CAPTURE_AUTORELEASING = YES;
				CLANG_WARN_BOOL_CONVERSION = YES;
				CLANG_WARN_COMMA = YES;
				CLANG_WARN_CONSTANT_CONVERSION = YES;
				CLANG_WARN_DEPRECATED_OBJC_IMPLEMENTATIONS = YES;
				CLANG_WARN_DIRECT_OBJC_ISA_USAGE = YES_ERROR;
				CLANG_WARN_DOCUMENTATION_COMMENTS = YES;
				CLANG_WARN_EMPTY_BODY = YES;
				CLANG_WARN_ENUM_CONVERSION = YES;
				CLANG_WARN_INFINITE_RECURSION = YES;
				CLANG_WARN_INT_CONVERSION = YES;
				CLANG_WARN_NON_LITERAL_NULL_CONVERSION = YES;
				CLANG_WARN_OBJC_IMPLICIT_RETAIN_SELF = YES;
				CLANG_WARN_OBJC_LITERAL_CONVERSION = YES;
				CLANG_WARN_OBJC_ROOT_CLASS = YES_ERROR;
				CLANG_WARN_QUOTED_INCLUDE_IN_FRAMEWORK_HEADER = YES;
				CLANG_WARN_RANGE_LOOP_ANALYSIS = YES;
				CLANG_WARN_STRICT_PROTOTYPES = YES;
				CLANG_WARN_SUSPICIOUS_MOVE = YES;
				CLANG_WARN_UNGUARDED_AVAILABILITY = YES_AGGRESSIVE;
				CLANG_WARN_UNREACHABLE_CODE = YES;
				CLANG_WARN__DUPLICATE_METHOD_MATCH = YES;
				COPY_PHASE_STRIP = NO;
				DEBUG_INFORMATION_FORMAT = dwarf;
				ENABLE_STRICT_OBJC_MSGSEND = YES;
				ENABLE_TESTABILITY = YES;
				ENABLE_USER_SCRIPT_SANDBOXING = YES;
				GCC_C_LANGUAGE_STANDARD = gnu17;
				GCC_DYNAMIC_NO_PIC = NO;
				GCC_NO_COMMON_BLOCKS = YES;
				GCC_OPTIMIZATION_LEVEL = 0;
				GCC_PREPROCESSOR_DEFINITIONS = (
					"DEBUG=1",
					"$(inherited)",
				);
				GCC_WARN_64_TO_32_BIT_CONVERSION = YES;
				GCC_WARN_ABOUT_RETURN_TYPE = YES_ERROR;
				GCC_WARN_UNDECLARED_SELECTOR = YES;
				GCC_WARN_UNINITIALIZED_AUTOS = YES_AGGRESSIVE;
				GCC_WARN_UNUSED_FUNCTION = YES;
				GCC_WARN_UNUSED_VARIABLE = YES;
				IPHONEOS_DEPLOYMENT_TARGET = 18.0;
				LOCALIZATION_PREFERS_STRING_CATALOGS = YES;
				MTL_ENABLE_DEBUG_INFO = INCLUDE_SOURCE;
				MTL_FAST_MATH = YES;
				ONLY_ACTIVE_ARCH = YES;
				SDKROOT = iphoneos;
				SWIFT_ACTIVE_COMPILATION_CONDITIONS = "DEBUG $(inherited)";
				SWIFT_OPTIMIZATION_LEVEL = "-Onone";
			};
			name = Debug;
		};
		656FEAE42D9702E6008F1433 /* Release */ = {
			isa = XCBuildConfiguration;
			buildSettings = {
				ALWAYS_SEARCH_USER_PATHS = NO;
				ASSETCATALOG_COMPILER_GENERATE_SWIFT_ASSET_SYMBOL_EXTENSIONS = YES;
				CLANG_ANALYZER_NONNULL = YES;
				CLANG_ANALYZER_NUMBER_OBJECT_CONVERSION = YES_AGGRESSIVE;
				CLANG_CXX_LANGUAGE_STANDARD = "gnu++20";
				CLANG_ENABLE_MODULES = YES;
				CLANG_ENABLE_OBJC_ARC = YES;
				CLANG_ENABLE_OBJC_WEAK = YES;
				CLANG_WARN_BLOCK_CAPTURE_AUTORELEASING = YES;
				CLANG_WARN_BOOL_CONVERSION = YES;
				CLANG_WARN_COMMA = YES;
				CLANG_WARN_CONSTANT_CONVERSION = YES;
				CLANG_WARN_DEPRECATED_OBJC_IMPLEMENTATIONS = YES;
				CLANG_WARN_DIRECT_OBJC_ISA_USAGE = YES_ERROR;
				CLANG_WARN_DOCUMENTATION_COMMENTS = YES;
				CLANG_WARN_EMPTY_BODY = YES;
				CLANG_WARN_ENUM_CONVERSION = YES;
				CLANG_WARN_INFINITE_RECURSION = YES;
				CLANG_WARN_INT_CONVERSION = YES;
				CLANG_WARN_NON_LITERAL_NULL_CONVERSION = YES;
				CLANG_WARN_OBJC_IMPLICIT_RETAIN_SELF = YES;
				CLANG_WARN_OBJC_LITERAL_CONVERSION = YES;
				CLANG_WARN_OBJC_ROOT_CLASS = YES_ERROR;
				CLANG_WARN_QUOTED_INCLUDE_IN_FRAMEWORK_HEADER = YES;
				CLANG_WARN_RANGE_LOOP_ANALYSIS = YES;
				CLANG_WARN_STRICT_PROTOTYPES = YES;
				CLANG_WARN_SUSPICIOUS_MOVE = YES;
				CLANG_WARN_UNGUARDED_AVAILABILITY = YES_AGGRESSIVE;
				CLANG_WARN_UNREACHABLE_CODE = YES;
				CLANG_WARN__DUPLICATE_METHOD_MATCH = YES;
				COPY_PHASE_STRIP = NO;
				DEBUG_INFORMATION_FORMAT = "dwarf-with-dsym";
				ENABLE_NS_ASSERTIONS = NO;
				ENABLE_STRICT_OBJC_MSGSEND = YES;
				ENABLE_USER_SCRIPT_SANDBOXING = YES;
				GCC_C_LANGUAGE_STANDARD = gnu17;
				GCC_NO_COMMON_BLOCKS = YES;
				GCC_WARN_64_TO_32_BIT_CONVERSION = YES;
				GCC_WARN_ABOUT_RETURN_TYPE = YES_ERROR;
				GCC_WARN_UNDECLARED_SELECTOR = YES;
				GCC_WARN_UNINITIALIZED_AUTOS = YES_AGGRESSIVE;
				GCC_WARN_UNUSED_FUNCTION = YES;
				GCC_WARN_UNUSED_VARIABLE = YES;
				IPHONEOS_DEPLOYMENT_TARGET = 18.0;
				LOCALIZATION_PREFERS_STRING_CATALOGS = YES;
				MTL_ENABLE_DEBUG_INFO = NO;
				MTL_FAST_MATH = YES;
				SDKROOT = iphoneos;
				SWIFT_COMPILATION_MODE = wholemodule;
				VALIDATE_PRODUCT = YES;
			};
			name = Release;
		};
		656FEAE62D9702E6008F1433 /* Debug */ = {
			isa = XCBuildConfiguration;
			buildSettings = {
				ASSETCATALOG_COMPILER_APPICON_NAME = AppIcon;
				ASSETCATALOG_COMPILER_GLOBAL_ACCENT_COLOR_NAME = AccentColor;
				CODE_SIGN_STYLE = Automatic;
				CURRENT_PROJECT_VERSION = 1;
				DEVELOPMENT_ASSET_PATHS = "\"JokeFinder/Preview Content\"";
				DEVELOPMENT_TEAM = 4UG443984D;
				ENABLE_PREVIEWS = YES;
				GENERATE_INFOPLIST_FILE = YES;
				INFOPLIST_KEY_UIApplicationSceneManifest_Generation = YES;
				INFOPLIST_KEY_UIApplicationSupportsIndirectInputEvents = YES;
				INFOPLIST_KEY_UILaunchScreen_Generation = YES;
				INFOPLIST_KEY_UISupportedInterfaceOrientations_iPad = "UIInterfaceOrientationPortrait UIInterfaceOrientationPortraitUpsideDown UIInterfaceOrientationLandscapeLeft UIInterfaceOrientationLandscapeRight";
				INFOPLIST_KEY_UISupportedInterfaceOrientations_iPhone = "UIInterfaceOrientationPortrait UIInterfaceOrientationLandscapeLeft UIInterfaceOrientationLandscapeRight";
				LD_RUNPATH_SEARCH_PATHS = (
					"$(inherited)",
					"@executable_path/Frameworks",
				);
				MARKETING_VERSION = 1.0;
				PRODUCT_BUNDLE_IDENTIFIER = ca.danielli.JokeFinder;
				PRODUCT_NAME = "$(TARGET_NAME)";
				SWIFT_EMIT_LOC_STRINGS = YES;
				SWIFT_VERSION = 5.0;
				TARGETED_DEVICE_FAMILY = "1,2";
			};
			name = Debug;
		};
		656FEAE72D9702E6008F1433 /* Release */ = {
			isa = XCBuildConfiguration;
			buildSettings = {
				ASSETCATALOG_COMPILER_APPICON_NAME = AppIcon;
				ASSETCATALOG_COMPILER_GLOBAL_ACCENT_COLOR_NAME = AccentColor;
				CODE_SIGN_STYLE = Automatic;
				CURRENT_PROJECT_VERSION = 1;
				DEVELOPMENT_ASSET_PATHS = "\"JokeFinder/Preview Content\"";
				DEVELOPMENT_TEAM = 4UG443984D;
				ENABLE_PREVIEWS = YES;
				GENERATE_INFOPLIST_FILE = YES;
				INFOPLIST_KEY_UIApplicationSceneManifest_Generation = YES;
				INFOPLIST_KEY_UIApplicationSupportsIndirectInputEvents = YES;
				INFOPLIST_KEY_UILaunchScreen_Generation = YES;
				INFOPLIST_KEY_UISupportedInterfaceOrientations_iPad = "UIInterfaceOrientationPortrait UIInterfaceOrientationPortraitUpsideDown UIInterfaceOrientationLandscapeLeft UIInterfaceOrientationLandscapeRight";
				INFOPLIST_KEY_UISupportedInterfaceOrientations_iPhone = "UIInterfaceOrientationPortrait UIInterfaceOrientationLandscapeLeft UIInterfaceOrientationLandscapeRight";
				LD_RUNPATH_SEARCH_PATHS = (
					"$(inherited)",
					"@executable_path/Frameworks",
				);
				MARKETING_VERSION = 1.0;
				PRODUCT_BUNDLE_IDENTIFIER = ca.danielli.JokeFinder;
				PRODUCT_NAME = "$(TARGET_NAME)";
				SWIFT_EMIT_LOC_STRINGS = YES;
				SWIFT_VERSION = 5.0;
				TARGETED_DEVICE_FAMILY = "1,2";
			};
			name = Release;
		};
/* End XCBuildConfiguration section */

/* Begin XCConfigurationList section */
		656FEAD22D9702E4008F1433 /* Build configuration list for PBXProject "JokeFinder" */ = {
			isa = XCConfigurationList;
			buildConfigurations = (
				656FEAE32D9702E6008F1433 /* Debug */,
				656FEAE42D9702E6008F1433 /* Release */,
			);
			defaultConfigurationIsVisible = 0;
			defaultConfigurationName = Release;
		};
		656FEAE52D9702E6008F1433 /* Build configuration list for PBXNativeTarget "JokeFinder" */ = {
			isa = XCConfigurationList;
			buildConfigurations = (
				656FEAE62D9702E6008F1433 /* Debug */,
				656FEAE72D9702E6008F1433 /* Release */,
			);
			defaultConfigurationIsVisible = 0;
			defaultConfigurationName = Release;
		};
/* End XCConfigurationList section */
	};
	rootObject = 656FEACF2D9702E4008F1433 /* Project object */;
}
